<Solution>
  <Folder Name="/0 - Presentation/">
    <Project Path="0 - Presentation/Copilot.SquadAgent.StickerManager.Api/Copilot.SquadAgent.StickerManager.Api.csproj" />
  </Folder>
  <Folder Name="/1 - Application/">
    <Project Path="1 - Application/Copilot.SquadAgent.StickerManager.Application/Copilot.SquadAgent.StickerManager.Application.csproj" />
  </Folder>
  <Folder Name="/2 - Domain/">
    <Project Path="2 - Domain/Copilot.SquadAgent.StickerManager.Domain/Copilot.SquadAgent.StickerManager.Domain.csproj" />
  </Folder>
  <Folder Name="/3 - Infrastructure/">
    <Project Path="3 - Infrastructure/Copilot.SquadAgent.StickerManager.Infrastructure/Copilot.SquadAgent.StickerManager.Infrastructure.csproj" />
  </Folder>
  <Folder Name="/Tests/0 - Presentation/">
    <Project Path="Tests/0 - Presentation/Copilot.SquadAgent.StickerManager.Api.Tests/Copilot.SquadAgent.StickerManager.Api.Tests.csproj" />
  </Folder>
  <Folder Name="/Tests/1 - Application/">
    <Project Path="Tests/1 - Application/Copilot.SquadAgent.StickerManager.Application.Tests/Copilot.SquadAgent.StickerManager.Application.Tests.csproj" />
  </Folder>
  <Folder Name="/Tests/3 - Infrastructure/">
    <Project Path="Tests/3 - Infrastructure/Copilot.SquadAgent.StickerManager.Infrastructure.Tests/Copilot.SquadAgent.StickerManager.Infrastructure.Tests.csproj" />
  </Folder>
  <Folder Name="/Tests/4 - Integration/">
    <Project Path="Tests/4 - Integration/Copilot.SquadAgent.StickerManager.Integration.Tests/Copilot.SquadAgent.StickerManager.Integration.Tests.csproj" />
  </Folder>
</Solution>
