<Solution>
  <Folder Name="/0 - Presentation/">
    <Project Path="0 - Presentation/Copilot.SquadAgent.StickerManager.Api/Copilot.SquadAgent.StickerManager.Api.csproj" />
  </Folder>
  <Folder Name="/1 - Application/">
    <Project Path="1 - Application/Copilot.SquadAgent.StickerManager.Application/Copilot.SquadAgent.StickerManager.Application.csproj" />
  </Folder>
  <Folder Name="/2 - Domain/">
    <Project Path="2 - Domain/Copilot.SquadAgent.StickerManager.Domain/Copilot.SquadAgent.StickerManager.Domain.csproj" />
  </Folder>
  <Folder Name="/3 - Infrastructure/">
    <Project Path="3 - Infrastructure/Copilot.SquadAgent.StickerManager.Infrastructure/Copilot.SquadAgent.StickerManager.Infrastructure.csproj" />
  </Folder>
</Solution>
